
Microsoft Visual Studio Solution File, Format Version 12.00
# Visual Studio Version 17
VisualStudioVersion = 17.1.32421.90
MinimumVisualStudioVersion = 10.0.40219.1
Project("{FAE04EC0-301F-11D3-BF4B-00C04F79EFBC}") = "WatchHistory", "WatchHistory\WatchHistory\WatchHistory.csproj", "{B5876E77-34BB-46A9-AACA-4FA81FB5A6A4}"
EndProject
Project("{2150E333-8FDC-42A3-9474-1A3956D46DE8}") = "Setup", "Setup", "{90C69892-4459-4625-83E2-051A822A4CD6}"
	ProjectSection(SolutionItems) = preProject
		WatchHistory\WatchHistorySetup\setup.iss = WatchHistory\WatchHistorySetup\setup.iss
	EndProjectSection
EndProject
Project("{2150E333-8FDC-42A3-9474-1A3956D46DE8}") = "Tools", "Tools", "{757D0591-4E58-4788-A4FC-08BF7DFDB672}"
EndProject
Project("{FAE04EC0-301F-11D3-BF4B-00C04F79EFBC}") = "CleanUpHistory", "CleanUpHistory\CleanUpHistory.csproj", "{0095D0DA-710B-4A9D-9488-D978B1999E5A}"
EndProject
Global
	GlobalSection(SolutionConfigurationPlatforms) = preSolution
		Debug|x64 = Debug|x64
		Release|x64 = Release|x64
	EndGlobalSection
	GlobalSection(ProjectConfigurationPlatforms) = postSolution
		{B5876E77-34BB-46A9-AACA-4FA81FB5A6A4}.Debug|x64.ActiveCfg = Debug|x64
		{B5876E77-34BB-46A9-AACA-4FA81FB5A6A4}.Debug|x64.Build.0 = Debug|x64
		{B5876E77-34BB-46A9-AACA-4FA81FB5A6A4}.Release|x64.ActiveCfg = Release|x64
		{B5876E77-34BB-46A9-AACA-4FA81FB5A6A4}.Release|x64.Build.0 = Release|x64
		{0095D0DA-710B-4A9D-9488-D978B1999E5A}.Debug|x64.ActiveCfg = Debug|x64
		{0095D0DA-710B-4A9D-9488-D978B1999E5A}.Debug|x64.Build.0 = Debug|x64
		{0095D0DA-710B-4A9D-9488-D978B1999E5A}.Release|x64.ActiveCfg = Release|x64
		{0095D0DA-710B-4A9D-9488-D978B1999E5A}.Release|x64.Build.0 = Release|x64
	EndGlobalSection
	GlobalSection(SolutionProperties) = preSolution
		HideSolutionNode = FALSE
	EndGlobalSection
	GlobalSection(NestedProjects) = preSolution
		{0095D0DA-710B-4A9D-9488-D978B1999E5A} = {757D0591-4E58-4788-A4FC-08BF7DFDB672}
	EndGlobalSection
	GlobalSection(ExtensibilityGlobals) = postSolution
		SolutionGuid = {59D07010-E1FC-47D6-9B19-BAA156832D57}
	EndGlobalSection
EndGlobal
